
Microsoft Visual Studio Solution File, Format Version 12.00
# Visual Studio Version 16
VisualStudioVersion = 16.0.31025.194
MinimumVisualStudioVersion = 10.0.40219.1
Project("{9A19103F-16F7-4668-BE54-9A1E7A4F7556}") = "Chapter4", "FunctionalProgrammingExercises\Chapter4.csproj", "{4BC15BAC-E55B-4489-96A1-72EB6054C302}"
EndProject
Project("{9A19103F-16F7-4668-BE54-9A1E7A4F7556}") = "FPLibrary", "FPLibrary\FPLibrary.csproj", "{11385FE7-46A0-4EB9-AD87-8C3A9E178B61}"
EndProject
Project("{9A19103F-16F7-4668-BE54-9A1E7A4F7556}") = "Chapter5", "Chapter5\Chapter5.csproj", "{442DF922-58F2-477C-82FB-D0C397A0DBE0}"
EndProject
Project("{9A19103F-16F7-4668-BE54-9A1E7A4F7556}") = "Chapter6", "Chapter6\Chapter6.csproj", "{46F52BAF-C8E0-4B78-8D22-EB4F7AF6685D}"
EndProject
Project("{9A19103F-16F7-4668-BE54-9A1E7A4F7556}") = "Chapter7", "Chapter7\Chapter7.csproj", "{98F22E7D-CEBD-40C2-A13D-453187F5EBEA}"
EndProject
Project("{9A19103F-16F7-4668-BE54-9A1E7A4F7556}") = "DapperTest", "DapperTest\DapperTest.csproj", "{4D8D0991-F686-417A-A845-C33035F81ADD}"
EndProject
Project("{FAE04EC0-301F-11D3-BF4B-00C04F79EFBC}") = "Repository", "Database\Repository.csproj", "{74EEF355-0C66-4B3F-BB1F-82D61FF4A735}"
EndProject
Global
	GlobalSection(SolutionConfigurationPlatforms) = preSolution
		Debug|Any CPU = Debug|Any CPU
		Release|Any CPU = Release|Any CPU
	EndGlobalSection
	GlobalSection(ProjectConfigurationPlatforms) = postSolution
		{4BC15BAC-E55B-4489-96A1-72EB6054C302}.Debug|Any CPU.ActiveCfg = Debug|Any CPU
		{4BC15BAC-E55B-4489-96A1-72EB6054C302}.Debug|Any CPU.Build.0 = Debug|Any CPU
		{4BC15BAC-E55B-4489-96A1-72EB6054C302}.Release|Any CPU.ActiveCfg = Release|Any CPU
		{4BC15BAC-E55B-4489-96A1-72EB6054C302}.Release|Any CPU.Build.0 = Release|Any CPU
		{11385FE7-46A0-4EB9-AD87-8C3A9E178B61}.Debug|Any CPU.ActiveCfg = Debug|Any CPU
		{11385FE7-46A0-4EB9-AD87-8C3A9E178B61}.Debug|Any CPU.Build.0 = Debug|Any CPU
		{11385FE7-46A0-4EB9-AD87-8C3A9E178B61}.Release|Any CPU.ActiveCfg = Release|Any CPU
		{11385FE7-46A0-4EB9-AD87-8C3A9E178B61}.Release|Any CPU.Build.0 = Release|Any CPU
		{442DF922-58F2-477C-82FB-D0C397A0DBE0}.Debug|Any CPU.ActiveCfg = Debug|Any CPU
		{442DF922-58F2-477C-82FB-D0C397A0DBE0}.Debug|Any CPU.Build.0 = Debug|Any CPU
		{442DF922-58F2-477C-82FB-D0C397A0DBE0}.Release|Any CPU.ActiveCfg = Release|Any CPU
		{442DF922-58F2-477C-82FB-D0C397A0DBE0}.Release|Any CPU.Build.0 = Release|Any CPU
		{46F52BAF-C8E0-4B78-8D22-EB4F7AF6685D}.Debug|Any CPU.ActiveCfg = Debug|Any CPU
		{46F52BAF-C8E0-4B78-8D22-EB4F7AF6685D}.Debug|Any CPU.Build.0 = Debug|Any CPU
		{46F52BAF-C8E0-4B78-8D22-EB4F7AF6685D}.Release|Any CPU.ActiveCfg = Release|Any CPU
		{46F52BAF-C8E0-4B78-8D22-EB4F7AF6685D}.Release|Any CPU.Build.0 = Release|Any CPU
		{98F22E7D-CEBD-40C2-A13D-453187F5EBEA}.Debug|Any CPU.ActiveCfg = Debug|Any CPU
		{98F22E7D-CEBD-40C2-A13D-453187F5EBEA}.Debug|Any CPU.Build.0 = Debug|Any CPU
		{98F22E7D-CEBD-40C2-A13D-453187F5EBEA}.Release|Any CPU.ActiveCfg = Release|Any CPU
		{98F22E7D-CEBD-40C2-A13D-453187F5EBEA}.Release|Any CPU.Build.0 = Release|Any CPU
		{4D8D0991-F686-417A-A845-C33035F81ADD}.Debug|Any CPU.ActiveCfg = Debug|Any CPU
		{4D8D0991-F686-417A-A845-C33035F81ADD}.Debug|Any CPU.Build.0 = Debug|Any CPU
		{4D8D0991-F686-417A-A845-C33035F81ADD}.Release|Any CPU.ActiveCfg = Release|Any CPU
		{4D8D0991-F686-417A-A845-C33035F81ADD}.Release|Any CPU.Build.0 = Release|Any CPU
		{74EEF355-0C66-4B3F-BB1F-82D61FF4A735}.Debug|Any CPU.ActiveCfg = Debug|Any CPU
		{74EEF355-0C66-4B3F-BB1F-82D61FF4A735}.Debug|Any CPU.Build.0 = Debug|Any CPU
		{74EEF355-0C66-4B3F-BB1F-82D61FF4A735}.Release|Any CPU.ActiveCfg = Release|Any CPU
		{74EEF355-0C66-4B3F-BB1F-82D61FF4A735}.Release|Any CPU.Build.0 = Release|Any CPU
	EndGlobalSection
	GlobalSection(SolutionProperties) = preSolution
		HideSolutionNode = FALSE
	EndGlobalSection
	GlobalSection(ExtensibilityGlobals) = postSolution
		SolutionGuid = {4B0A014C-5212-47DD-AD35-8E221A30B179}
	EndGlobalSection
EndGlobal
