
Microsoft Visual Studio Solution File, Format Version 12.00
# Visual Studio Version 16
VisualStudioVersion = 16.0.31205.134
MinimumVisualStudioVersion = 10.0.40219.1
Project("{FAE04EC0-301F-11D3-BF4B-00C04F79EFBC}") = "XamarinTest.Android", "XamarinTest\XamarinTest.Android\XamarinTest.Android.csproj", "{C7826550-EE6D-4591-9AC6-4BF60B4D5299}"
EndProject
Project("{FAE04EC0-301F-11D3-BF4B-00C04F79EFBC}") = "XamarinTest", "XamarinTest\XamarinTest\XamarinTest.csproj", "{AE541963-3F50-4A28-B921-D4FD196B9AC8}"
EndProject
Global
	GlobalSection(SolutionConfigurationPlatforms) = preSolution
		Debug|Any CPU = Debug|Any CPU
		Release|Any CPU = Release|Any CPU
	EndGlobalSection
	GlobalSection(ProjectConfigurationPlatforms) = postSolution
		{C7826550-EE6D-4591-9AC6-4BF60B4D5299}.Debug|Any CPU.ActiveCfg = Debug|Any CPU
		{C7826550-EE6D-4591-9AC6-4BF60B4D5299}.Debug|Any CPU.Build.0 = Debug|Any CPU
		{C7826550-EE6D-4591-9AC6-4BF60B4D5299}.Debug|Any CPU.Deploy.0 = Debug|Any CPU
		{C7826550-EE6D-4591-9AC6-4BF60B4D5299}.Release|Any CPU.ActiveCfg = Release|Any CPU
		{C7826550-EE6D-4591-9AC6-4BF60B4D5299}.Release|Any CPU.Build.0 = Release|Any CPU
		{C7826550-EE6D-4591-9AC6-4BF60B4D5299}.Release|Any CPU.Deploy.0 = Release|Any CPU
		{AE541963-3F50-4A28-B921-D4FD196B9AC8}.Debug|Any CPU.ActiveCfg = Debug|Any CPU
		{AE541963-3F50-4A28-B921-D4FD196B9AC8}.Debug|Any CPU.Build.0 = Debug|Any CPU
		{AE541963-3F50-4A28-B921-D4FD196B9AC8}.Debug|Any CPU.Deploy.0 = Debug|Any CPU
		{AE541963-3F50-4A28-B921-D4FD196B9AC8}.Release|Any CPU.ActiveCfg = Release|Any CPU
		{AE541963-3F50-4A28-B921-D4FD196B9AC8}.Release|Any CPU.Build.0 = Release|Any CPU
		{AE541963-3F50-4A28-B921-D4FD196B9AC8}.Release|Any CPU.Deploy.0 = Release|Any CPU
	EndGlobalSection
	GlobalSection(SolutionProperties) = preSolution
		HideSolutionNode = FALSE
	EndGlobalSection
	GlobalSection(ExtensibilityGlobals) = postSolution
		SolutionGuid = {8FB795C7-3445-4CDB-A46B-F22940263F16}
	EndGlobalSection
EndGlobal
